
Microsoft Visual Studio Solution File, Format Version 12.00
# Visual Studio Version 16
VisualStudioVersion = 16.0.30907.101
MinimumVisualStudioVersion = 10.0.40219.1
Project("{FAE04EC0-301F-11D3-BF4B-00C04F79EFBC}") = "Play Game", "Play Game\Play Game.csproj", "{1F2904BA-DB35-4BA6-8D52-8437EC28D69E}"
EndProject
Global
	GlobalSection(SolutionConfigurationPlatforms) = preSolution
		Debug|Any CPU = Debug|Any CPU
		Release|Any CPU = Release|Any CPU
	EndGlobalSection
	GlobalSection(ProjectConfigurationPlatforms) = postSolution
		{1F2904BA-DB35-4BA6-8D52-8437EC28D69E}.Debug|Any CPU.ActiveCfg = Debug|Any CPU
		{1F2904BA-DB35-4BA6-8D52-8437EC28D69E}.Debug|Any CPU.Build.0 = Debug|Any CPU
		{1F2904BA-DB35-4BA6-8D52-8437EC28D69E}.Release|Any CPU.ActiveCfg = Release|Any CPU
		{1F2904BA-DB35-4BA6-8D52-8437EC28D69E}.Release|Any CPU.Build.0 = Release|Any CPU
	EndGlobalSection
	GlobalSection(SolutionProperties) = preSolution
		HideSolutionNode = FALSE
	EndGlobalSection
	GlobalSection(ExtensibilityGlobals) = postSolution
		SolutionGuid = {29132B03-AE0F-4444-8B8B-2AEC7D23DCE3}
	EndGlobalSection
EndGlobal
